{
  "name": "graphql-sheet",
  "version": "1.0.0",
  "lockfileVersion": 1,
  "requires": true,
  "dependencies": {
    "@types/google-apps-script": {
      "version": "1.0.34",
      "resolved": "https://registry.npmjs.org/@types/google-apps-script/-/google-apps-script-1.0.34.tgz",
      "integrity": "sha512-6O9rMu9BzkB32Sc43BKWT7eq/FmXOUbcZbeNCSLOQI51kBcyITDDEHPfX0f+YiBT+iCUhqrA70BN2ef58RGzHg=="
    }
  }
}
